
Microsoft Visual Studio Solution File, Format Version 11.00
# Visual Studio 2010
Project("{FAE04EC0-301F-11D3-BF4B-00C04F79EFBC}") = "Assembly-CSharp", "Assembly-CSharp.csproj", "{6b0d5466-504c-ab9b-2792-917d802b82e8}"
EndProject
Project("{FAE04EC0-301F-11D3-BF4B-00C04F79EFBC}") = "Assembly-CSharp-Editor", "Assembly-CSharp-Editor.csproj", "{551d1a61-43fb-000e-4465-d2ff0f7ab6a2}"
EndProject
Global
	GlobalSection(SolutionConfigurationPlatforms) = preSolution
		Debug|Any CPU = Debug|Any CPU
	EndGlobalSection
	GlobalSection(ProjectConfigurationPlatforms) = postSolution
		{6b0d5466-504c-ab9b-2792-917d802b82e8}.Debug|Any CPU.ActiveCfg = Debug|Any CPU
		{6b0d5466-504c-ab9b-2792-917d802b82e8}.Debug|Any CPU.Build.0 = Debug|Any CPU
		{551d1a61-43fb-000e-4465-d2ff0f7ab6a2}.Debug|Any CPU.ActiveCfg = Debug|Any CPU
		{551d1a61-43fb-000e-4465-d2ff0f7ab6a2}.Debug|Any CPU.Build.0 = Debug|Any CPU
	EndGlobalSection
	GlobalSection(SolutionProperties) = preSolution
		HideSolutionNode = FALSE
	EndGlobalSection
EndGlobal
